
Microsoft Visual Studio Solution File, Format Version 12.00
# Visual Studio Version 17
VisualStudioVersion = 17.4.33122.133
MinimumVisualStudioVersion = 10.0.40219.1
Project("{9A19103F-16F7-4668-BE54-9A1E7A4F7556}") = "GradesBooks", "GradesBooks.csproj", "{5220B2BE-CF3A-443C-BAB8-481A5DF7A888}"
EndProject
Global
	GlobalSection(SolutionConfigurationPlatforms) = preSolution
		Debug|Any CPU = Debug|Any CPU
		Release|Any CPU = Release|Any CPU
	EndGlobalSection
	GlobalSection(ProjectConfigurationPlatforms) = postSolution
		{5220B2BE-CF3A-443C-BAB8-481A5DF7A888}.Debug|Any CPU.ActiveCfg = Debug|Any CPU
		{5220B2BE-CF3A-443C-BAB8-481A5DF7A888}.Debug|Any CPU.Build.0 = Debug|Any CPU
		{5220B2BE-CF3A-443C-BAB8-481A5DF7A888}.Release|Any CPU.ActiveCfg = Release|Any CPU
		{5220B2BE-CF3A-443C-BAB8-481A5DF7A888}.Release|Any CPU.Build.0 = Release|Any CPU
	EndGlobalSection
	GlobalSection(SolutionProperties) = preSolution
		HideSolutionNode = FALSE
	EndGlobalSection
	GlobalSection(ExtensibilityGlobals) = postSolution
		SolutionGuid = {E42B9410-B852-4CDF-BEB6-2005C69183C6}
	EndGlobalSection
EndGlobal
